
Microsoft Visual Studio Solution File, Format Version 12.00
# Visual Studio 2013
VisualStudioVersion = 12.0.21005.1
MinimumVisualStudioVersion = 10.0.40219.1
Project("{FAE04EC0-301F-11D3-BF4B-00C04F79EFBC}") = "StarbucksScraper", "StarbucksScraper\StarbucksScraper.csproj", "{4CAC536E-A92A-4BEE-959A-A36CDC909E13}"
EndProject
Project("{2150E333-8FDC-42A3-9474-1A3956D46DE8}") = ".nuget", ".nuget", "{1182E5BF-842C-4D8B-B824-0ECDCD2BA5A5}"
	ProjectSection(SolutionItems) = preProject
		.nuget\NuGet.Config = .nuget\NuGet.Config
		.nuget\NuGet.exe = .nuget\NuGet.exe
		.nuget\NuGet.targets = .nuget\NuGet.targets
	EndProjectSection
EndProject
Project("{FAE04EC0-301F-11D3-BF4B-00C04F79EFBC}") = "SocrataUploader", "SocrataUploader\SocrataUploader.csproj", "{ABEA5C7B-47E6-4E24-B4F5-3153932DD90E}"
EndProject
Project("{FAE04EC0-301F-11D3-BF4B-00C04F79EFBC}") = "Soda2Consumer", "Z:\Downloads\soda-dotnet-master\Soda2Consumer\Soda2Consumer.csproj", "{FCC464E9-DD14-41EE-93CA-AB8CF1EBB789}"
EndProject
Project("{FAE04EC0-301F-11D3-BF4B-00C04F79EFBC}") = "Soda2Publisher", "Z:\Downloads\soda-dotnet-master\Soda2Publisher\Soda2Publisher.csproj", "{29FC0109-37CF-48F0-B469-47BF674DAEB4}"
EndProject
Global
	GlobalSection(SolutionConfigurationPlatforms) = preSolution
		Debug|Any CPU = Debug|Any CPU
		Release|Any CPU = Release|Any CPU
	EndGlobalSection
	GlobalSection(ProjectConfigurationPlatforms) = postSolution
		{4CAC536E-A92A-4BEE-959A-A36CDC909E13}.Debug|Any CPU.ActiveCfg = Debug|Any CPU
		{4CAC536E-A92A-4BEE-959A-A36CDC909E13}.Debug|Any CPU.Build.0 = Debug|Any CPU
		{4CAC536E-A92A-4BEE-959A-A36CDC909E13}.Release|Any CPU.ActiveCfg = Release|Any CPU
		{4CAC536E-A92A-4BEE-959A-A36CDC909E13}.Release|Any CPU.Build.0 = Release|Any CPU
		{ABEA5C7B-47E6-4E24-B4F5-3153932DD90E}.Debug|Any CPU.ActiveCfg = Debug|Any CPU
		{ABEA5C7B-47E6-4E24-B4F5-3153932DD90E}.Debug|Any CPU.Build.0 = Debug|Any CPU
		{ABEA5C7B-47E6-4E24-B4F5-3153932DD90E}.Release|Any CPU.ActiveCfg = Release|Any CPU
		{ABEA5C7B-47E6-4E24-B4F5-3153932DD90E}.Release|Any CPU.Build.0 = Release|Any CPU
		{FCC464E9-DD14-41EE-93CA-AB8CF1EBB789}.Debug|Any CPU.ActiveCfg = Debug|Any CPU
		{FCC464E9-DD14-41EE-93CA-AB8CF1EBB789}.Debug|Any CPU.Build.0 = Debug|Any CPU
		{FCC464E9-DD14-41EE-93CA-AB8CF1EBB789}.Release|Any CPU.ActiveCfg = Release|Any CPU
		{FCC464E9-DD14-41EE-93CA-AB8CF1EBB789}.Release|Any CPU.Build.0 = Release|Any CPU
		{29FC0109-37CF-48F0-B469-47BF674DAEB4}.Debug|Any CPU.ActiveCfg = Debug|Any CPU
		{29FC0109-37CF-48F0-B469-47BF674DAEB4}.Debug|Any CPU.Build.0 = Debug|Any CPU
		{29FC0109-37CF-48F0-B469-47BF674DAEB4}.Release|Any CPU.ActiveCfg = Release|Any CPU
		{29FC0109-37CF-48F0-B469-47BF674DAEB4}.Release|Any CPU.Build.0 = Release|Any CPU
	EndGlobalSection
	GlobalSection(SolutionProperties) = preSolution
		HideSolutionNode = FALSE
	EndGlobalSection
EndGlobal
